{
  "name": "sfserver",
  "version": "1.0.0",
  "lockfileVersion": 1,
  "requires": true,
  "dependencies": {
    "address": {
      "version": "1.1.2",
      "resolved": "https://registry.npm.taobao.org/address/download/address-1.1.2.tgz",
      "integrity": "sha1-vxEWycdYxRt6kz0pa3LCIe2UKLY="
    },
    "colors": {
      "version": "1.4.0",
      "resolved": "https://registry.npm.taobao.org/colors/download/colors-1.4.0.tgz",
      "integrity": "sha1-xQSRR51MG9rtLJztMs98fcI2D3g="
    },
    "commander": {
      "version": "5.1.0",
      "resolved": "https://registry.npm.taobao.org/commander/download/commander-5.1.0.tgz?cache=0&sync_timestamp=1587781596778&other_urls=https%3A%2F%2Fregistry.npm.taobao.org%2Fcommander%2Fdownload%2Fcommander-5.1.0.tgz",
      "integrity": "sha1-Rqu9FlL44Fm92u+Zu9yyrZzxea4="
    },
    "get-port": {
      "version": "5.1.1",
      "resolved": "https://registry.npm.taobao.org/get-port/download/get-port-5.1.1.tgz",
      "integrity": "sha1-BGntB1Y0ed5u+5hrrwU9zX1OMZM="
    },
    "is-docker": {
      "version": "2.0.0",
      "resolved": "https://registry.npm.taobao.org/is-docker/download/is-docker-2.0.0.tgz",
      "integrity": "sha1-LLDfDnXi0GT+GGTDfN6st7Lc8ls="
    },
    "is-wsl": {
      "version": "2.2.0",
      "resolved": "https://registry.npm.taobao.org/is-wsl/download/is-wsl-2.2.0.tgz?cache=0&sync_timestamp=1588494180082&other_urls=https%3A%2F%2Fregistry.npm.taobao.org%2Fis-wsl%2Fdownload%2Fis-wsl-2.2.0.tgz",
      "integrity": "sha1-dKTHbnfKn9P5MvKQwX6jJs0VcnE=",
      "requires": {
        "is-docker": "^2.0.0"
      }
    },
    "mime": {
      "version": "2.4.5",
      "resolved": "https://registry.npm.taobao.org/mime/download/mime-2.4.5.tgz",
      "integrity": "sha1-2N4uy5KYLe27ZUHJtoQdfyGOoAk="
    },
    "open": {
      "version": "7.0.3",
      "resolved": "https://registry.npm.taobao.org/open/download/open-7.0.3.tgz",
      "integrity": "sha1-21UaGvnHq0x69mQTmTCCYThTHEg=",
      "requires": {
        "is-docker": "^2.0.0",
        "is-wsl": "^2.1.1"
      }
    }
  }
}
